# This file is automatically @generated by Cargo.
# It is not intended for manual editing.
version = 4

[[package]]
name = "lfx"
version = "1.0.0"
dependencies = [
 "lfx-sys",
]

[[package]]
name = "lfx-sys"
version = "1.0.0"

[[package]]
name = "saturation"
version = "1.0.0"
dependencies = [
 "lfx",
]
