PODS:
  - FlutterMacOS (1.0.0)
  - irondash_engine_context (0.0.1):
    - FlutterMacOS
  - lumit_bridge (0.0.1):
    - FlutterMacOS
  - super_native_extensions (0.0.1):
    - FlutterMacOS

DEPENDENCIES:
  - FlutterMacOS (from `Flutter/ephemeral`)
  - irondash_engine_context (from `Flutter/ephemeral/.symlinks/plugins/irondash_engine_context/macos`)
  - lumit_bridge (from `Flutter/ephemeral/.symlinks/plugins/lumit_bridge/macos`)
  - super_native_extensions (from `Flutter/ephemeral/.symlinks/plugins/super_native_extensions/macos`)

EXTERNAL SOURCES:
  FlutterMacOS:
    :path: Flutter/ephemeral
  irondash_engine_context:
    :path: Flutter/ephemeral/.symlinks/plugins/irondash_engine_context/macos
  lumit_bridge:
    :path: Flutter/ephemeral/.symlinks/plugins/lumit_bridge/macos
  super_native_extensions:
    :path: Flutter/ephemeral/.symlinks/plugins/super_native_extensions/macos

SPEC CHECKSUMS:
  FlutterMacOS: d0db08ddef1a9af05a5ec4b724367152bb0500b1
  irondash_engine_context: 893c7d96d20ce361d7e996f39d360c4c2f9869ba
  lumit_bridge: 9ad0514d9002074daa05c75f8e280c46dc9a3a44
  super_native_extensions: c2795d6d9aedf4a79fae25cb6160b71b50549189

PODFILE CHECKSUM: a86379a959f0a61261c765b4af328fccfd8e9cd4

COCOAPODS: 1.17.0
